
Microsoft Visual Studio Solution File, Format Version 12.00
# Visual Studio 2012
Project("{FAE04EC0-301F-11D3-BF4B-00C04F79EFBC}") = "LightRunner", "LightRunner\LightRunner.csproj", "{E24C7600-E638-439F-AFCA-A1E220F918EE}"
EndProject
Global
	GlobalSection(SolutionConfigurationPlatforms) = preSolution
		Debug|ARM = Debug|ARM
		Debug|x86 = Debug|x86
		Release|ARM = Release|ARM
		Release|x86 = Release|x86
	EndGlobalSection
	GlobalSection(ProjectConfigurationPlatforms) = postSolution
		{E24C7600-E638-439F-AFCA-A1E220F918EE}.Debug|ARM.ActiveCfg = Debug|ARM
		{E24C7600-E638-439F-AFCA-A1E220F918EE}.Debug|ARM.Build.0 = Debug|ARM
		{E24C7600-E638-439F-AFCA-A1E220F918EE}.Debug|ARM.Deploy.0 = Debug|ARM
		{E24C7600-E638-439F-AFCA-A1E220F918EE}.Debug|x86.ActiveCfg = Debug|x86
		{E24C7600-E638-439F-AFCA-A1E220F918EE}.Debug|x86.Build.0 = Debug|x86
		{E24C7600-E638-439F-AFCA-A1E220F918EE}.Debug|x86.Deploy.0 = Debug|x86
		{E24C7600-E638-439F-AFCA-A1E220F918EE}.Release|ARM.ActiveCfg = Release|ARM
		{E24C7600-E638-439F-AFCA-A1E220F918EE}.Release|ARM.Build.0 = Release|ARM
		{E24C7600-E638-439F-AFCA-A1E220F918EE}.Release|ARM.Deploy.0 = Release|ARM
		{E24C7600-E638-439F-AFCA-A1E220F918EE}.Release|x86.ActiveCfg = Release|x86
		{E24C7600-E638-439F-AFCA-A1E220F918EE}.Release|x86.Build.0 = Release|x86
		{E24C7600-E638-439F-AFCA-A1E220F918EE}.Release|x86.Deploy.0 = Release|x86
	EndGlobalSection
	GlobalSection(SolutionProperties) = preSolution
		HideSolutionNode = FALSE
	EndGlobalSection
EndGlobal
