
Microsoft Visual Studio Solution File, Format Version 11.00
# Visual Studio 2010
Project("{FAE04EC0-301F-11D3-BF4B-00C04F79EFBC}") = "LightRunnerLibGDX-wp7", "LightRunnerLibGDX-windows\LightRunnerLibGDX-windows\LightRunnerLibGDX-wp7.csproj", "{7D221246-5CFC-4CB5-9E54-E0529BF9C454}"
EndProject
Project("{96E2B04D-8817-42C6-938A-82C39BA4D311}") = "LightRunnerLibGDX-wp7Content", "LightRunnerLibGDX-windows\LightRunnerLibGDX-windowsContent\LightRunnerLibGDX-wp7Content.contentproj", "{AD153545-8F16-466A-B7E9-F46E223A2923}"
EndProject
Global
	GlobalSection(SolutionConfigurationPlatforms) = preSolution
		Debug|Windows Phone = Debug|Windows Phone
		Release|Windows Phone = Release|Windows Phone
	EndGlobalSection
	GlobalSection(ProjectConfigurationPlatforms) = postSolution
		{7D221246-5CFC-4CB5-9E54-E0529BF9C454}.Debug|Windows Phone.ActiveCfg = Debug|Windows Phone
		{7D221246-5CFC-4CB5-9E54-E0529BF9C454}.Debug|Windows Phone.Build.0 = Debug|Windows Phone
		{7D221246-5CFC-4CB5-9E54-E0529BF9C454}.Debug|Windows Phone.Deploy.0 = Debug|Windows Phone
		{7D221246-5CFC-4CB5-9E54-E0529BF9C454}.Release|Windows Phone.ActiveCfg = Release|Windows Phone
		{7D221246-5CFC-4CB5-9E54-E0529BF9C454}.Release|Windows Phone.Build.0 = Release|Windows Phone
		{7D221246-5CFC-4CB5-9E54-E0529BF9C454}.Release|Windows Phone.Deploy.0 = Release|Windows Phone
		{AD153545-8F16-466A-B7E9-F46E223A2923}.Debug|Windows Phone.ActiveCfg = Debug|Windows Phone
		{AD153545-8F16-466A-B7E9-F46E223A2923}.Release|Windows Phone.ActiveCfg = Release|Windows Phone
	EndGlobalSection
	GlobalSection(SolutionProperties) = preSolution
		HideSolutionNode = FALSE
	EndGlobalSection
EndGlobal
